
Microsoft Visual Studio Solution File, Format Version 12.00
# Visual Studio Version 16
VisualStudioVersion = 16.0.30717.126
MinimumVisualStudioVersion = 10.0.40219.1
Project("{9A19103F-16F7-4668-BE54-9A1E7A4F7556}") = "CleanCodePizzeria", "CleanCodePizzeria\CleanCodePizzeria.csproj", "{EA9F7000-EBC0-45C7-878E-331FC7376F4B}"
EndProject
Project("{9A19103F-16F7-4668-BE54-9A1E7A4F7556}") = "PizzeriaTests", "PizzeriaTests\PizzeriaTests.csproj", "{D3F559B2-46A7-4E69-A080-4387B918FD28}"
EndProject
Global
	GlobalSection(SolutionConfigurationPlatforms) = preSolution
		Debug|Any CPU = Debug|Any CPU
		Release|Any CPU = Release|Any CPU
	EndGlobalSection
	GlobalSection(ProjectConfigurationPlatforms) = postSolution
		{EA9F7000-EBC0-45C7-878E-331FC7376F4B}.Debug|Any CPU.ActiveCfg = Debug|Any CPU
		{EA9F7000-EBC0-45C7-878E-331FC7376F4B}.Debug|Any CPU.Build.0 = Debug|Any CPU
		{EA9F7000-EBC0-45C7-878E-331FC7376F4B}.Release|Any CPU.ActiveCfg = Release|Any CPU
		{EA9F7000-EBC0-45C7-878E-331FC7376F4B}.Release|Any CPU.Build.0 = Release|Any CPU
		{D3F559B2-46A7-4E69-A080-4387B918FD28}.Debug|Any CPU.ActiveCfg = Debug|Any CPU
		{D3F559B2-46A7-4E69-A080-4387B918FD28}.Debug|Any CPU.Build.0 = Debug|Any CPU
		{D3F559B2-46A7-4E69-A080-4387B918FD28}.Release|Any CPU.ActiveCfg = Release|Any CPU
		{D3F559B2-46A7-4E69-A080-4387B918FD28}.Release|Any CPU.Build.0 = Release|Any CPU
	EndGlobalSection
	GlobalSection(SolutionProperties) = preSolution
		HideSolutionNode = FALSE
	EndGlobalSection
	GlobalSection(ExtensibilityGlobals) = postSolution
		SolutionGuid = {99DF146E-5997-4777-AF7E-B7AC1E0CB60A}
	EndGlobalSection
EndGlobal
